{
  "name": "mean-private-chat-app",
  "lockfileVersion": 3,
  "requires": true,
  "packages": {
    "": {
      "devDependencies": {
        "@types/gapi": "^0.0.47",
        "@types/gapi.auth2": "^0.0.61"
      }
    },
    "node_modules/@types/gapi": {
      "version": "0.0.47",
      "resolved": "https://registry.npmjs.org/@types/gapi/-/gapi-0.0.47.tgz",
      "integrity": "sha512-/ZsLuq6BffMgbKMtZyDZ8vwQvTyKhKQ1G2K6VyWCgtHHhfSSXbk4+4JwImZiTjWNXfI2q1ZStAwFFHSkNoTkHA==",
      "dev": true,
      "license": "MIT"
    },
    "node_modules/@types/gapi.auth2": {
      "version": "0.0.61",
      "resolved": "https://registry.npmjs.org/@types/gapi.auth2/-/gapi.auth2-0.0.61.tgz",
      "integrity": "sha512-cn+omiRoE/LTxZncnVl1QhcLggOT0sJ8Yz9RXIsw5R2zLyRf+0o6kaZzJ/Gr3Sxz6i7J/+PbXAF8yeZipCaiWw==",
      "dev": true,
      "license": "MIT",
      "dependencies": {
        "@types/gapi": "*"
      }
    }
  }
}
